// !$*UTF8*$!
{
	archiveVersion = 1;
	classes = {
	};
	objectVersion = 56;
	objects = {

/* Begin PBXBuildFile section */
		049F96042D789792003D78D4 /* CCValidatorApp.swift in Sources */ = {isa = PBXBuildFile; fileRef = 049F96032D789792003D78D4 /* CCValidatorApp.swift */; };
		049F96062D789792003D78D4 /* CardInputView.swift in Sources */ = {isa = PBXBuildFile; fileRef = 049F96052D789792003D78D4 /* CardInputView.swift */; };
		049F96082D789795003D78D4 /* Assets.xcassets in Resources */ = {isa = PBXBuildFile; fileRef = 049F96072D789795003D78D4 /* Assets.xcassets */; };
		049F960C2D789795003D78D4 /* Preview Assets.xcassets in Resources */ = {isa = PBXBuildFile; fileRef = 049F960B2D789795003D78D4 /* Preview Assets.xcassets */; };
		049F96162D789795003D78D4 /* CardValidatorModelTests.swift in Sources */ = {isa = PBXBuildFile; fileRef = 049F96152D789795003D78D4 /* CardValidatorModelTests.swift */; };
		04B58A2A2D79889300146211 /* CardViewModel.swift in Sources */ = {isa = PBXBuildFile; fileRef = 04B58A292D79889300146211 /* CardViewModel.swift */; };
		04B58A2C2D79B7F300146211 /* Theme.swift in Sources */ = {isa = PBXBuildFile; fileRef = 04B58A2B2D79B7F200146211 /* Theme.swift */; };
		04B58A2E2D79B91100146211 /* Localizable.xcstrings in Resources */ = {isa = PBXBuildFile; fileRef = 04B58A2D2D79B91100146211 /* Localizable.xcstrings */; };
		04B58A302D79C07E00146211 /* ThemeTests.swift in Sources */ = {isa = PBXBuildFile; fileRef = 04B58A2F2D79C07E00146211 /* ThemeTests.swift */; };
		04B58A322D79CC0800146211 /* CardInputViewTests.swift in Sources */ = {isa = PBXBuildFile; fileRef = 04B58A312D79CC0800146211 /* CardInputViewTests.swift */; };
		923AAA2E2D79D10F00AE35AA /* ViewInspector in Frameworks */ = {isa = PBXBuildFile; productRef = 923AAA2D2D79D10F00AE35AA /* ViewInspector */; };
/* End PBXBuildFile section */

/* Begin PBXContainerItemProxy section */
		049F96122D789795003D78D4 /* PBXContainerItemProxy */ = {
			isa = PBXContainerItemProxy;
			containerPortal = 049F95F82D789792003D78D4 /* Project object */;
			proxyType = 1;
			remoteGlobalIDString = 049F95FF2D789792003D78D4;
			remoteInfo = CCValidator;
		};
/* End PBXContainerItemProxy section */

/* Begin PBXFileReference section */
		049F96002D789792003D78D4 /* CCValidator.app */ = {isa = PBXFileReference; explicitFileType = wrapper.application; includeInIndex = 0; path = CCValidator.app; sourceTree = BUILT_PRODUCTS_DIR; };
		049F96032D789792003D78D4 /* CCValidatorApp.swift */ = {isa = PBXFileReference; lastKnownFileType = sourcecode.swift; path = CCValidatorApp.swift; sourceTree = "<group>"; };
		049F96052D789792003D78D4 /* CardInputView.swift */ = {isa = PBXFileReference; lastKnownFileType = sourcecode.swift; path = CardInputView.swift; sourceTree = "<group>"; };
		049F96072D789795003D78D4 /* Assets.xcassets */ = {isa = PBXFileReference; lastKnownFileType = folder.assetcatalog; path = Assets.xcassets; sourceTree = "<group>"; };
		049F96092D789795003D78D4 /* CCValidator.entitlements */ = {isa = PBXFileReference; lastKnownFileType = text.plist.entitlements; path = CCValidator.entitlements; sourceTree = "<group>"; };
		049F960B2D789795003D78D4 /* Preview Assets.xcassets */ = {isa = PBXFileReference; lastKnownFileType = folder.assetcatalog; path = "Preview Assets.xcassets"; sourceTree = "<group>"; };
		049F96112D789795003D78D4 /* CCValidatorTests.xctest */ = {isa = PBXFileReference; explicitFileType = wrapper.cfbundle; includeInIndex = 0; path = CCValidatorTests.xctest; sourceTree = BUILT_PRODUCTS_DIR; };
		049F96152D789795003D78D4 /* CardValidatorModelTests.swift */ = {isa = PBXFileReference; lastKnownFileType = sourcecode.swift; path = CardValidatorModelTests.swift; sourceTree = "<group>"; };
		04B58A292D79889300146211 /* CardViewModel.swift */ = {isa = PBXFileReference; lastKnownFileType = sourcecode.swift; path = CardViewModel.swift; sourceTree = "<group>"; };
		04B58A2B2D79B7F200146211 /* Theme.swift */ = {isa = PBXFileReference; lastKnownFileType = sourcecode.swift; path = Theme.swift; sourceTree = "<group>"; };
		04B58A2D2D79B91100146211 /* Localizable.xcstrings */ = {isa = PBXFileReference; lastKnownFileType = text.json.xcstrings; path = Localizable.xcstrings; sourceTree = "<group>"; };
		04B58A2F2D79C07E00146211 /* ThemeTests.swift */ = {isa = PBXFileReference; lastKnownFileType = sourcecode.swift; path = ThemeTests.swift; sourceTree = "<group>"; };
		04B58A312D79CC0800146211 /* CardInputViewTests.swift */ = {isa = PBXFileReference; lastKnownFileType = sourcecode.swift; path = CardInputViewTests.swift; sourceTree = "<group>"; };
		9252527A2D79DE7B009DBAA2 /* CCValidator.xctestplan */ = {isa = PBXFileReference; lastKnownFileType = text; path = CCValidator.xctestplan; sourceTree = "<group>"; };
/* End PBXFileReference section */

/* Begin PBXFrameworksBuildPhase section */
		049F95FD2D789792003D78D4 /* Frameworks */ = {
			isa = PBXFrameworksBuildPhase;
			buildActionMask = 2147483647;
			files = (
			);
			runOnlyForDeploymentPostprocessing = 0;
		};
		049F960E2D789795003D78D4 /* Frameworks */ = {
			isa = PBXFrameworksBuildPhase;
			buildActionMask = 2147483647;
			files = (
				923AAA2E2D79D10F00AE35AA /* ViewInspector in Frameworks */,
			);
			runOnlyForDeploymentPostprocessing = 0;
		};
/* End PBXFrameworksBuildPhase section */

/* Begin PBXGroup section */
		049F95F72D789792003D78D4 = {
			isa = PBXGroup;
			children = (
				9252527A2D79DE7B009DBAA2 /* CCValidator.xctestplan */,
				049F96022D789792003D78D4 /* CCValidator */,
				049F96142D789795003D78D4 /* CCValidatorTests */,
				049F96012D789792003D78D4 /* Products */,
			);
			sourceTree = "<group>";
		};
		049F96012D789792003D78D4 /* Products */ = {
			isa = PBXGroup;
			children = (
				049F96002D789792003D78D4 /* CCValidator.app */,
				049F96112D789795003D78D4 /* CCValidatorTests.xctest */,
			);
			name = Products;
			sourceTree = "<group>";
		};
		049F96022D789792003D78D4 /* CCValidator */ = {
			isa = PBXGroup;
			children = (
				925252792D79DC8F009DBAA2 /* CardScreen */,
				049F96032D789792003D78D4 /* CCValidatorApp.swift */,
				04B58A2B2D79B7F200146211 /* Theme.swift */,
				049F96072D789795003D78D4 /* Assets.xcassets */,
				04B58A2D2D79B91100146211 /* Localizable.xcstrings */,
				049F96092D789795003D78D4 /* CCValidator.entitlements */,
				049F960A2D789795003D78D4 /* Preview Content */,
			);
			path = CCValidator;
			sourceTree = "<group>";
		};
		049F960A2D789795003D78D4 /* Preview Content */ = {
			isa = PBXGroup;
			children = (
				049F960B2D789795003D78D4 /* Preview Assets.xcassets */,
			);
			path = "Preview Content";
			sourceTree = "<group>";
		};
		049F96142D789795003D78D4 /* CCValidatorTests */ = {
			isa = PBXGroup;
			children = (
				049F96152D789795003D78D4 /* CardValidatorModelTests.swift */,
				04B58A2F2D79C07E00146211 /* ThemeTests.swift */,
				04B58A312D79CC0800146211 /* CardInputViewTests.swift */,
			);
			path = CCValidatorTests;
			sourceTree = "<group>";
		};
		925252792D79DC8F009DBAA2 /* CardScreen */ = {
			isa = PBXGroup;
			children = (
				049F96052D789792003D78D4 /* CardInputView.swift */,
				04B58A292D79889300146211 /* CardViewModel.swift */,
			);
			path = CardScreen;
			sourceTree = "<group>";
		};
/* End PBXGroup section */

/* Begin PBXNativeTarget section */
		049F95FF2D789792003D78D4 /* CCValidator */ = {
			isa = PBXNativeTarget;
			buildConfigurationList = 049F96252D789795003D78D4 /* Build configuration list for PBXNativeTarget "CCValidator" */;
			buildPhases = (
				049F95FC2D789792003D78D4 /* Sources */,
				049F95FD2D789792003D78D4 /* Frameworks */,
				049F95FE2D789792003D78D4 /* Resources */,
			);
			buildRules = (
			);
			dependencies = (
			);
			name = CCValidator;
			productName = CCValidator;
			productReference = 049F96002D789792003D78D4 /* CCValidator.app */;
			productType = "com.apple.product-type.application";
		};
		049F96102D789795003D78D4 /* CCValidatorTests */ = {
			isa = PBXNativeTarget;
			buildConfigurationList = 049F96282D789795003D78D4 /* Build configuration list for PBXNativeTarget "CCValidatorTests" */;
			buildPhases = (
				049F960D2D789795003D78D4 /* Sources */,
				049F960E2D789795003D78D4 /* Frameworks */,
				049F960F2D789795003D78D4 /* Resources */,
			);
			buildRules = (
			);
			dependencies = (
				049F96132D789795003D78D4 /* PBXTargetDependency */,
			);
			name = CCValidatorTests;
			productName = CCValidatorTests;
			productReference = 049F96112D789795003D78D4 /* CCValidatorTests.xctest */;
			productType = "com.apple.product-type.bundle.unit-test";
		};
/* End PBXNativeTarget section */

/* Begin PBXProject section */
		049F95F82D789792003D78D4 /* Project object */ = {
			isa = PBXProject;
			attributes = {
				BuildIndependentTargetsInParallel = 1;
				LastSwiftUpdateCheck = 1520;
				LastUpgradeCheck = 1520;
				TargetAttributes = {
					049F95FF2D789792003D78D4 = {
						CreatedOnToolsVersion = 15.2;
					};
					049F96102D789795003D78D4 = {
						CreatedOnToolsVersion = 15.2;
						TestTargetID = 049F95FF2D789792003D78D4;
					};
				};
			};
			buildConfigurationList = 049F95FB2D789792003D78D4 /* Build configuration list for PBXProject "CCValidator" */;
			compatibilityVersion = "Xcode 14.0";
			developmentRegion = en;
			hasScannedForEncodings = 0;
			knownRegions = (
				en,
				Base,
			);
			mainGroup = 049F95F72D789792003D78D4;
			packageReferences = (
				923AAA2C2D79D10F00AE35AA /* XCRemoteSwiftPackageReference "ViewInspector" */,
			);
			productRefGroup = 049F96012D789792003D78D4 /* Products */;
			projectDirPath = "";
			projectRoot = "";
			targets = (
				049F95FF2D789792003D78D4 /* CCValidator */,
				049F96102D789795003D78D4 /* CCValidatorTests */,
			);
		};
/* End PBXProject section */

/* Begin PBXResourcesBuildPhase section */
		049F95FE2D789792003D78D4 /* Resources */ = {
			isa = PBXResourcesBuildPhase;
			buildActionMask = 2147483647;
			files = (
				049F960C2D789795003D78D4 /* Preview Assets.xcassets in Resources */,
				049F96082D789795003D78D4 /* Assets.xcassets in Resources */,
				04B58A2E2D79B91100146211 /* Localizable.xcstrings in Resources */,
			);
			runOnlyForDeploymentPostprocessing = 0;
		};
		049F960F2D789795003D78D4 /* Resources */ = {
			isa = PBXResourcesBuildPhase;
			buildActionMask = 2147483647;
			files = (
			);
			runOnlyForDeploymentPostprocessing = 0;
		};
/* End PBXResourcesBuildPhase section */

/* Begin PBXSourcesBuildPhase section */
		049F95FC2D789792003D78D4 /* Sources */ = {
			isa = PBXSourcesBuildPhase;
			buildActionMask = 2147483647;
			files = (
				049F96062D789792003D78D4 /* CardInputView.swift in Sources */,
				04B58A2C2D79B7F300146211 /* Theme.swift in Sources */,
				049F96042D789792003D78D4 /* CCValidatorApp.swift in Sources */,
				04B58A2A2D79889300146211 /* CardViewModel.swift in Sources */,
			);
			runOnlyForDeploymentPostprocessing = 0;
		};
		049F960D2D789795003D78D4 /* Sources */ = {
			isa = PBXSourcesBuildPhase;
			buildActionMask = 2147483647;
			files = (
				049F96162D789795003D78D4 /* CardValidatorModelTests.swift in Sources */,
				04B58A302D79C07E00146211 /* ThemeTests.swift in Sources */,
				04B58A322D79CC0800146211 /* CardInputViewTests.swift in Sources */,
			);
			runOnlyForDeploymentPostprocessing = 0;
		};
/* End PBXSourcesBuildPhase section */

/* Begin PBXTargetDependency section */
		049F96132D789795003D78D4 /* PBXTargetDependency */ = {
			isa = PBXTargetDependency;
			target = 049F95FF2D789792003D78D4 /* CCValidator */;
			targetProxy = 049F96122D789795003D78D4 /* PBXContainerItemProxy */;
		};
/* End PBXTargetDependency section */

/* Begin XCBuildConfiguration section */
		049F96232D789795003D78D4 /* Debug */ = {
			isa = XCBuildConfiguration;
			buildSettings = {
				ALWAYS_SEARCH_USER_PATHS = NO;
				ASSETCATALOG_COMPILER_GENERATE_SWIFT_ASSET_SYMBOL_EXTENSIONS = YES;
				CLANG_ANALYZER_NONNULL = YES;
				CLANG_ANALYZER_NUMBER_OBJECT_CONVERSION = YES_AGGRESSIVE;
				CLANG_CXX_LANGUAGE_STANDARD = "gnu++20";
				CLANG_ENABLE_MODULES = YES;
				CLANG_ENABLE_OBJC_ARC = YES;
				CLANG_ENABLE_OBJC_WEAK = YES;
				CLANG_WARN_BLOCK_CAPTURE_AUTORELEASING = YES;
				CLANG_WARN_BOOL_CONVERSION = YES;
				CLANG_WARN_COMMA = YES;
				CLANG_WARN_CONSTANT_CONVERSION = YES;
				CLANG_WARN_DEPRECATED_OBJC_IMPLEMENTATIONS = YES;
				CLANG_WARN_DIRECT_OBJC_ISA_USAGE = YES_ERROR;
				CLANG_WARN_DOCUMENTATION_COMMENTS = YES;
				CLANG_WARN_EMPTY_BODY = YES;
				CLANG_WARN_ENUM_CONVERSION = YES;
				CLANG_WARN_INFINITE_RECURSION = YES;
				CLANG_WARN_INT_CONVERSION = YES;
				CLANG_WARN_NON_LITERAL_NULL_CONVERSION = YES;
				CLANG_WARN_OBJC_IMPLICIT_RETAIN_SELF = YES;
				CLANG_WARN_OBJC_LITERAL_CONVERSION = YES;
				CLANG_WARN_OBJC_ROOT_CLASS = YES_ERROR;
				CLANG_WARN_QUOTED_INCLUDE_IN_FRAMEWORK_HEADER = YES;
				CLANG_WARN_RANGE_LOOP_ANALYSIS = YES;
				CLANG_WARN_STRICT_PROTOTYPES = YES;
				CLANG_WARN_SUSPICIOUS_MOVE = YES;
				CLANG_WARN_UNGUARDED_AVAILABILITY = YES_AGGRESSIVE;
				CLANG_WARN_UNREACHABLE_CODE = YES;
				CLANG_WARN__DUPLICATE_METHOD_MATCH = YES;
				COPY_PHASE_STRIP = NO;
				DEBUG_INFORMATION_FORMAT = dwarf;
				ENABLE_STRICT_OBJC_MSGSEND = YES;
				ENABLE_TESTABILITY = YES;
				ENABLE_USER_SCRIPT_SANDBOXING = YES;
				GCC_C_LANGUAGE_STANDARD = gnu17;
				GCC_DYNAMIC_NO_PIC = NO;
				GCC_NO_COMMON_BLOCKS = YES;
				GCC_OPTIMIZATION_LEVEL = 0;
				GCC_PREPROCESSOR_DEFINITIONS = (
					"DEBUG=1",
					"$(inherited)",
				);
				GCC_WARN_64_TO_32_BIT_CONVERSION = YES;
				GCC_WARN_ABOUT_RETURN_TYPE = YES_ERROR;
				GCC_WARN_UNDECLARED_SELECTOR = YES;
				GCC_WARN_UNINITIALIZED_AUTOS = YES_AGGRESSIVE;
				GCC_WARN_UNUSED_FUNCTION = YES;
				GCC_WARN_UNUSED_VARIABLE = YES;
				LOCALIZATION_PREFERS_STRING_CATALOGS = YES;
				MTL_ENABLE_DEBUG_INFO = INCLUDE_SOURCE;
				MTL_FAST_MATH = YES;
				ONLY_ACTIVE_ARCH = YES;
				SWIFT_ACTIVE_COMPILATION_CONDITIONS = "DEBUG $(inherited)";
				SWIFT_OPTIMIZATION_LEVEL = "-Onone";
			};
			name = Debug;
		};
		049F96242D789795003D78D4 /* Release */ = {
			isa = XCBuildConfiguration;
			buildSettings = {
				ALWAYS_SEARCH_USER_PATHS = NO;
				ASSETCATALOG_COMPILER_GENERATE_SWIFT_ASSET_SYMBOL_EXTENSIONS = YES;
				CLANG_ANALYZER_NONNULL = YES;
				CLANG_ANALYZER_NUMBER_OBJECT_CONVERSION = YES_AGGRESSIVE;
				CLANG_CXX_LANGUAGE_STANDARD = "gnu++20";
				CLANG_ENABLE_MODULES = YES;
				CLANG_ENABLE_OBJC_ARC = YES;
				CLANG_ENABLE_OBJC_WEAK = YES;
				CLANG_WARN_BLOCK_CAPTURE_AUTORELEASING = YES;
				CLANG_WARN_BOOL_CONVERSION = YES;
				CLANG_WARN_COMMA = YES;
				CLANG_WARN_CONSTANT_CONVERSION = YES;
				CLANG_WARN_DEPRECATED_OBJC_IMPLEMENTATIONS = YES;
				CLANG_WARN_DIRECT_OBJC_ISA_USAGE = YES_ERROR;
				CLANG_WARN_DOCUMENTATION_COMMENTS = YES;
				CLANG_WARN_EMPTY_BODY = YES;
				CLANG_WARN_ENUM_CONVERSION = YES;
				CLANG_WARN_INFINITE_RECURSION = YES;
				CLANG_WARN_INT_CONVERSION = YES;
				CLANG_WARN_NON_LITERAL_NULL_CONVERSION = YES;
				CLANG_WARN_OBJC_IMPLICIT_RETAIN_SELF = YES;
				CLANG_WARN_OBJC_LITERAL_CONVERSION = YES;
				CLANG_WARN_OBJC_ROOT_CLASS = YES_ERROR;
				CLANG_WARN_QUOTED_INCLUDE_IN_FRAMEWORK_HEADER = YES;
				CLANG_WARN_RANGE_LOOP_ANALYSIS = YES;
				CLANG_WARN_STRICT_PROTOTYPES = YES;
				CLANG_WARN_SUSPICIOUS_MOVE = YES;
				CLANG_WARN_UNGUARDED_AVAILABILITY = YES_AGGRESSIVE;
				CLANG_WARN_UNREACHABLE_CODE = YES;
				CLANG_WARN__DUPLICATE_METHOD_MATCH = YES;
				COPY_PHASE_STRIP = NO;
				DEBUG_INFORMATION_FORMAT = "dwarf-with-dsym";
				ENABLE_NS_ASSERTIONS = NO;
				ENABLE_STRICT_OBJC_MSGSEND = YES;
				ENABLE_USER_SCRIPT_SANDBOXING = YES;
				GCC_C_LANGUAGE_STANDARD = gnu17;
				GCC_NO_COMMON_BLOCKS = YES;
				GCC_WARN_64_TO_32_BIT_CONVERSION = YES;
				GCC_WARN_ABOUT_RETURN_TYPE = YES_ERROR;
				GCC_WARN_UNDECLARED_SELECTOR = YES;
				GCC_WARN_UNINITIALIZED_AUTOS = YES_AGGRESSIVE;
				GCC_WARN_UNUSED_FUNCTION = YES;
				GCC_WARN_UNUSED_VARIABLE = YES;
				LOCALIZATION_PREFERS_STRING_CATALOGS = YES;
				MTL_ENABLE_DEBUG_INFO = NO;
				MTL_FAST_MATH = YES;
				SWIFT_COMPILATION_MODE = wholemodule;
			};
			name = Release;
		};
		049F96262D789795003D78D4 /* Debug */ = {
			isa = XCBuildConfiguration;
			buildSettings = {
				ASSETCATALOG_COMPILER_APPICON_NAME = AppIcon;
				ASSETCATALOG_COMPILER_GLOBAL_ACCENT_COLOR_NAME = AccentColor;
				CODE_SIGN_ENTITLEMENTS = CCValidator/CCValidator.entitlements;
				CODE_SIGN_STYLE = Automatic;
				CURRENT_PROJECT_VERSION = 1;
				DEVELOPMENT_ASSET_PATHS = "\"CCValidator/Preview Content\"";
				DEVELOPMENT_TEAM = MHK4AT6N44;
				ENABLE_PREVIEWS = YES;
				GENERATE_INFOPLIST_FILE = YES;
				"INFOPLIST_KEY_UIApplicationSceneManifest_Generation[sdk=iphoneos*]" = YES;
				"INFOPLIST_KEY_UIApplicationSceneManifest_Generation[sdk=iphonesimulator*]" = YES;
				"INFOPLIST_KEY_UIApplicationSupportsIndirectInputEvents[sdk=iphoneos*]" = YES;
				"INFOPLIST_KEY_UIApplicationSupportsIndirectInputEvents[sdk=iphonesimulator*]" = YES;
				"INFOPLIST_KEY_UILaunchScreen_Generation[sdk=iphoneos*]" = YES;
				"INFOPLIST_KEY_UILaunchScreen_Generation[sdk=iphonesimulator*]" = YES;
				"INFOPLIST_KEY_UIStatusBarStyle[sdk=iphoneos*]" = UIStatusBarStyleDefault;
				"INFOPLIST_KEY_UIStatusBarStyle[sdk=iphonesimulator*]" = UIStatusBarStyleDefault;
				INFOPLIST_KEY_UISupportedInterfaceOrientations = UIInterfaceOrientationPortrait;
				IPHONEOS_DEPLOYMENT_TARGET = 17.2;
				LD_RUNPATH_SEARCH_PATHS = "@executable_path/Frameworks";
				"LD_RUNPATH_SEARCH_PATHS[sdk=macosx*]" = "@executable_path/../Frameworks";
				MACOSX_DEPLOYMENT_TARGET = 13.6;
				MARKETING_VERSION = 1.0;
				PRODUCT_BUNDLE_IDENTIFIER = com.philipKo.CCValidator.CCValidator;
				PRODUCT_NAME = "$(TARGET_NAME)";
				SDKROOT = auto;
				SUPPORTED_PLATFORMS = "iphoneos iphonesimulator";
				SUPPORTS_MACCATALYST = NO;
				SWIFT_EMIT_LOC_STRINGS = YES;
				SWIFT_VERSION = 5.0;
				TARGETED_DEVICE_FAMILY = 1;
			};
			name = Debug;
		};
		049F96272D789795003D78D4 /* Release */ = {
			isa = XCBuildConfiguration;
			buildSettings = {
				ASSETCATALOG_COMPILER_APPICON_NAME = AppIcon;
				ASSETCATALOG_COMPILER_GLOBAL_ACCENT_COLOR_NAME = AccentColor;
				CODE_SIGN_ENTITLEMENTS = CCValidator/CCValidator.entitlements;
				CODE_SIGN_STYLE = Automatic;
				CURRENT_PROJECT_VERSION = 1;
				DEVELOPMENT_ASSET_PATHS = "\"CCValidator/Preview Content\"";
				DEVELOPMENT_TEAM = MHK4AT6N44;
				ENABLE_PREVIEWS = YES;
				GENERATE_INFOPLIST_FILE = YES;
				"INFOPLIST_KEY_UIApplicationSceneManifest_Generation[sdk=iphoneos*]" = YES;
				"INFOPLIST_KEY_UIApplicationSceneManifest_Generation[sdk=iphonesimulator*]" = YES;
				"INFOPLIST_KEY_UIApplicationSupportsIndirectInputEvents[sdk=iphoneos*]" = YES;
				"INFOPLIST_KEY_UIApplicationSupportsIndirectInputEvents[sdk=iphonesimulator*]" = YES;
				"INFOPLIST_KEY_UILaunchScreen_Generation[sdk=iphoneos*]" = YES;
				"INFOPLIST_KEY_UILaunchScreen_Generation[sdk=iphonesimulator*]" = YES;
				"INFOPLIST_KEY_UIStatusBarStyle[sdk=iphoneos*]" = UIStatusBarStyleDefault;
				"INFOPLIST_KEY_UIStatusBarStyle[sdk=iphonesimulator*]" = UIStatusBarStyleDefault;
				INFOPLIST_KEY_UISupportedInterfaceOrientations = UIInterfaceOrientationPortrait;
				IPHONEOS_DEPLOYMENT_TARGET = 17.2;
				LD_RUNPATH_SEARCH_PATHS = "@executable_path/Frameworks";
				"LD_RUNPATH_SEARCH_PATHS[sdk=macosx*]" = "@executable_path/../Frameworks";
				MACOSX_DEPLOYMENT_TARGET = 13.6;
				MARKETING_VERSION = 1.0;
				PRODUCT_BUNDLE_IDENTIFIER = com.philipKo.CCValidator.CCValidator;
				PRODUCT_NAME = "$(TARGET_NAME)";
				SDKROOT = auto;
				SUPPORTED_PLATFORMS = "iphoneos iphonesimulator";
				SUPPORTS_MACCATALYST = NO;
				SWIFT_EMIT_LOC_STRINGS = YES;
				SWIFT_VERSION = 5.0;
				TARGETED_DEVICE_FAMILY = 1;
			};
			name = Release;
		};
		049F96292D789795003D78D4 /* Debug */ = {
			isa = XCBuildConfiguration;
			buildSettings = {
				BUNDLE_LOADER = "$(TEST_HOST)";
				CODE_SIGN_STYLE = Automatic;
				CURRENT_PROJECT_VERSION = 1;
				DEVELOPMENT_TEAM = MHK4AT6N44;
				GENERATE_INFOPLIST_FILE = YES;
				IPHONEOS_DEPLOYMENT_TARGET = 17.2;
				MACOSX_DEPLOYMENT_TARGET = 13.6;
				MARKETING_VERSION = 1.0;
				PRODUCT_BUNDLE_IDENTIFIER = com.philipKo.CCValidator.CCValidatorTests;
				PRODUCT_NAME = "$(TARGET_NAME)";
				SDKROOT = auto;
				SUPPORTED_PLATFORMS = "iphoneos iphonesimulator macosx";
				SWIFT_EMIT_LOC_STRINGS = NO;
				SWIFT_VERSION = 5.0;
				TARGETED_DEVICE_FAMILY = "1,2";
				TEST_HOST = "$(BUILT_PRODUCTS_DIR)/CCValidator.app/$(BUNDLE_EXECUTABLE_FOLDER_PATH)/CCValidator";
			};
			name = Debug;
		};
		049F962A2D789795003D78D4 /* Release */ = {
			isa = XCBuildConfiguration;
			buildSettings = {
				BUNDLE_LOADER = "$(TEST_HOST)";
				CODE_SIGN_STYLE = Automatic;
				CURRENT_PROJECT_VERSION = 1;
				DEVELOPMENT_TEAM = MHK4AT6N44;
				GENERATE_INFOPLIST_FILE = YES;
				IPHONEOS_DEPLOYMENT_TARGET = 17.2;
				MACOSX_DEPLOYMENT_TARGET = 13.6;
				MARKETING_VERSION = 1.0;
				PRODUCT_BUNDLE_IDENTIFIER = com.philipKo.CCValidator.CCValidatorTests;
				PRODUCT_NAME = "$(TARGET_NAME)";
				SDKROOT = auto;
				SUPPORTED_PLATFORMS = "iphoneos iphonesimulator macosx";
				SWIFT_EMIT_LOC_STRINGS = NO;
				SWIFT_VERSION = 5.0;
				TARGETED_DEVICE_FAMILY = "1,2";
				TEST_HOST = "$(BUILT_PRODUCTS_DIR)/CCValidator.app/$(BUNDLE_EXECUTABLE_FOLDER_PATH)/CCValidator";
			};
			name = Release;
		};
/* End XCBuildConfiguration section */

/* Begin XCConfigurationList section */
		049F95FB2D789792003D78D4 /* Build configuration list for PBXProject "CCValidator" */ = {
			isa = XCConfigurationList;
			buildConfigurations = (
				049F96232D789795003D78D4 /* Debug */,
				049F96242D789795003D78D4 /* Release */,
			);
			defaultConfigurationIsVisible = 0;
			defaultConfigurationName = Release;
		};
		049F96252D789795003D78D4 /* Build configuration list for PBXNativeTarget "CCValidator" */ = {
			isa = XCConfigurationList;
			buildConfigurations = (
				049F96262D789795003D78D4 /* Debug */,
				049F96272D789795003D78D4 /* Release */,
			);
			defaultConfigurationIsVisible = 0;
			defaultConfigurationName = Release;
		};
		049F96282D789795003D78D4 /* Build configuration list for PBXNativeTarget "CCValidatorTests" */ = {
			isa = XCConfigurationList;
			buildConfigurations = (
				049F96292D789795003D78D4 /* Debug */,
				049F962A2D789795003D78D4 /* Release */,
			);
			defaultConfigurationIsVisible = 0;
			defaultConfigurationName = Release;
		};
/* End XCConfigurationList section */

/* Begin XCRemoteSwiftPackageReference section */
		923AAA2C2D79D10F00AE35AA /* XCRemoteSwiftPackageReference "ViewInspector" */ = {
			isa = XCRemoteSwiftPackageReference;
			repositoryURL = "https://github.com/nalexn/ViewInspector.git";
			requirement = {
				kind = upToNextMajorVersion;
				minimumVersion = 0.10.1;
			};
		};
/* End XCRemoteSwiftPackageReference section */

/* Begin XCSwiftPackageProductDependency section */
		923AAA2D2D79D10F00AE35AA /* ViewInspector */ = {
			isa = XCSwiftPackageProductDependency;
			package = 923AAA2C2D79D10F00AE35AA /* XCRemoteSwiftPackageReference "ViewInspector" */;
			productName = ViewInspector;
		};
/* End XCSwiftPackageProductDependency section */
	};
	rootObject = 049F95F82D789792003D78D4 /* Project object */;
}
